{
  "name": "portfolio",
  "version": "1.0.0",
  "lockfileVersion": 1,
  "requires": true,
  "dependencies": {
    "gsap": {
      "version": "npm:@gsap/simply@3.9.1",
      "resolved": "https://npm.greensock.com/@gsap%2fsimply/-/simply-3.9.1.tgz",
      "integrity": "sha512-6+9NKGcf72Ok0hJ7qhWLO32J6BN+aj3alpJPwajoRkHlQNNHuBkMJIuNolcNvos7I1zdrN5PWe8e4kfHOfjtPQ=="
    }
  }
}
